
Microsoft Visual Studio Solution File, Format Version 12.00
# Visual Studio Version 17
VisualStudioVersion = 17.5.002.0
MinimumVisualStudioVersion = 10.0.40219.1
Project("{9A19103F-16F7-4668-BE54-9A1E7A4F7556}") = "T3-Jailbreak", "T3-Jailbreak.csproj", "{CD0125F8-9ACD-4C98-AA7A-0518CBA58AE3}"
EndProject
Global
	GlobalSection(SolutionConfigurationPlatforms) = preSolution
		Debug|Any CPU = Debug|Any CPU
		Release|Any CPU = Release|Any CPU
	EndGlobalSection
	GlobalSection(ProjectConfigurationPlatforms) = postSolution
		{CD0125F8-9ACD-4C98-AA7A-0518CBA58AE3}.Debug|Any CPU.ActiveCfg = Debug|Any CPU
		{CD0125F8-9ACD-4C98-AA7A-0518CBA58AE3}.Debug|Any CPU.Build.0 = Debug|Any CPU
		{CD0125F8-9ACD-4C98-AA7A-0518CBA58AE3}.Release|Any CPU.ActiveCfg = Release|Any CPU
		{CD0125F8-9ACD-4C98-AA7A-0518CBA58AE3}.Release|Any CPU.Build.0 = Release|Any CPU
	EndGlobalSection
	GlobalSection(SolutionProperties) = preSolution
		HideSolutionNode = FALSE
	EndGlobalSection
	GlobalSection(ExtensibilityGlobals) = postSolution
		SolutionGuid = {A7E5FF2D-A332-4997-82CA-1DECDAE5364B}
	EndGlobalSection
EndGlobal
